
Microsoft Visual Studio Solution File, Format Version 12.00
Project("{FAE04EC0-301F-11D3-BF4B-00C04F79EFBC}") = "HS2_HLightControl", "HS2_HLightControl\HS2_HLightControl.csproj", "{247538BD-B755-455C-842F-1FCE7DF617F2}"
EndProject
Project("{FAE04EC0-301F-11D3-BF4B-00C04F79EFBC}") = "KK_HLightControl", "KK_HLightControl\KK_HLightControl.csproj", "{039C2074-DB54-4375-8DC4-054B7AAD2FD0}"
EndProject
Project("{FAE04EC0-301F-11D3-BF4B-00C04F79EFBC}") = "AI_HLightControl", "AI_HLightControl\AI_HLightControl.csproj", "{BACDF052-49CA-453D-A08F-332659FC6FC8}"
EndProject
Project("{FAE04EC0-301F-11D3-BF4B-00C04F79EFBC}") = "KKS_HLightControl", "KKS_HLightControl\KKS_HLightControl.csproj", "{134E2A8B-20F9-413D-8FF6-8FF807717095}"
EndProject
Global
	GlobalSection(SolutionConfigurationPlatforms) = preSolution
		Debug|Any CPU = Debug|Any CPU
		Release|Any CPU = Release|Any CPU
	EndGlobalSection
	GlobalSection(ProjectConfigurationPlatforms) = postSolution
		{247538BD-B755-455C-842F-1FCE7DF617F2}.Debug|Any CPU.ActiveCfg = Debug|Any CPU
		{247538BD-B755-455C-842F-1FCE7DF617F2}.Debug|Any CPU.Build.0 = Debug|Any CPU
		{247538BD-B755-455C-842F-1FCE7DF617F2}.Release|Any CPU.ActiveCfg = Release|Any CPU
		{247538BD-B755-455C-842F-1FCE7DF617F2}.Release|Any CPU.Build.0 = Release|Any CPU
		{039C2074-DB54-4375-8DC4-054B7AAD2FD0}.Debug|Any CPU.ActiveCfg = Debug|Any CPU
		{039C2074-DB54-4375-8DC4-054B7AAD2FD0}.Debug|Any CPU.Build.0 = Debug|Any CPU
		{039C2074-DB54-4375-8DC4-054B7AAD2FD0}.Release|Any CPU.ActiveCfg = Release|Any CPU
		{039C2074-DB54-4375-8DC4-054B7AAD2FD0}.Release|Any CPU.Build.0 = Release|Any CPU
		{BACDF052-49CA-453D-A08F-332659FC6FC8}.Debug|Any CPU.ActiveCfg = Debug|Any CPU
		{BACDF052-49CA-453D-A08F-332659FC6FC8}.Debug|Any CPU.Build.0 = Debug|Any CPU
		{BACDF052-49CA-453D-A08F-332659FC6FC8}.Release|Any CPU.ActiveCfg = Release|Any CPU
		{BACDF052-49CA-453D-A08F-332659FC6FC8}.Release|Any CPU.Build.0 = Release|Any CPU
		{134E2A8B-20F9-413D-8FF6-8FF807717095}.Debug|Any CPU.ActiveCfg = Debug|Any CPU
		{134E2A8B-20F9-413D-8FF6-8FF807717095}.Debug|Any CPU.Build.0 = Debug|Any CPU
		{134E2A8B-20F9-413D-8FF6-8FF807717095}.Release|Any CPU.ActiveCfg = Release|Any CPU
		{134E2A8B-20F9-413D-8FF6-8FF807717095}.Release|Any CPU.Build.0 = Release|Any CPU
	EndGlobalSection
EndGlobal
